
Microsoft Visual Studio Solution File, Format Version 12.00
# Visual Studio Version 17
VisualStudioVersion = 17.13.35828.75 d17.13
MinimumVisualStudioVersion = 10.0.40219.1
Project("{FAE04EC0-301F-11D3-BF4B-00C04F79EFBC}") = "DpOperationWithEfCoreApp", "DpOperationWithEfCoreApp\DpOperationWithEfCoreApp.csproj", "{022F7AD1-06B1-471D-8876-409C6916B441}"
EndProject
Global
	GlobalSection(SolutionConfigurationPlatforms) = preSolution
		Debug|Any CPU = Debug|Any CPU
		Release|Any CPU = Release|Any CPU
	EndGlobalSection
	GlobalSection(ProjectConfigurationPlatforms) = postSolution
		{022F7AD1-06B1-471D-8876-409C6916B441}.Debug|Any CPU.ActiveCfg = Debug|Any CPU
		{022F7AD1-06B1-471D-8876-409C6916B441}.Debug|Any CPU.Build.0 = Debug|Any CPU
		{022F7AD1-06B1-471D-8876-409C6916B441}.Release|Any CPU.ActiveCfg = Release|Any CPU
		{022F7AD1-06B1-471D-8876-409C6916B441}.Release|Any CPU.Build.0 = Release|Any CPU
	EndGlobalSection
	GlobalSection(SolutionProperties) = preSolution
		HideSolutionNode = FALSE
	EndGlobalSection
	GlobalSection(ExtensibilityGlobals) = postSolution
		SolutionGuid = {E4504397-434A-4CD3-81C8-84001E479AF2}
	EndGlobalSection
EndGlobal
